
Microsoft Visual Studio Solution File, Format Version 12.00
# Visual Studio Version 16
VisualStudioVersion = 16.0.30002.166
MinimumVisualStudioVersion = 10.0.40219.1
Project("{FAE04EC0-301F-11D3-BF4B-00C04F79EFBC}") = "ReactRedux", "ReactRedux\ReactRedux.csproj", "{3CF5E4E7-0375-4FE0-828F-6EC93C0E4824}"
EndProject
Global
	GlobalSection(SolutionConfigurationPlatforms) = preSolution
		Debug|Any CPU = Debug|Any CPU
		Release|Any CPU = Release|Any CPU
	EndGlobalSection
	GlobalSection(ProjectConfigurationPlatforms) = postSolution
		{3CF5E4E7-0375-4FE0-828F-6EC93C0E4824}.Debug|Any CPU.ActiveCfg = Debug|Any CPU
		{3CF5E4E7-0375-4FE0-828F-6EC93C0E4824}.Debug|Any CPU.Build.0 = Debug|Any CPU
		{3CF5E4E7-0375-4FE0-828F-6EC93C0E4824}.Release|Any CPU.ActiveCfg = Release|Any CPU
		{3CF5E4E7-0375-4FE0-828F-6EC93C0E4824}.Release|Any CPU.Build.0 = Release|Any CPU
	EndGlobalSection
	GlobalSection(SolutionProperties) = preSolution
		HideSolutionNode = FALSE
	EndGlobalSection
	GlobalSection(ExtensibilityGlobals) = postSolution
		SolutionGuid = {0378DDBC-3224-45B7-89D8-1116DD24835E}
	EndGlobalSection
EndGlobal
